
Microsoft Visual Studio Solution File, Format Version 12.00
# Visual Studio Version 17
VisualStudioVersion = 17.11.35327.3
MinimumVisualStudioVersion = 10.0.40219.1
Project("{FAE04EC0-301F-11D3-BF4B-00C04F79EFBC}") = "BensBlazorWebAssembly", "BensBlazorWebAssembly\BensBlazorWebAssembly.csproj", "{8E49C7A3-DC5A-425D-AB7E-9041D90BB83D}"
EndProject
Project("{FAE04EC0-301F-11D3-BF4B-00C04F79EFBC}") = "BensBlazorWebAssembly.Client", "BensBlazorWebAssembly.Client\BensBlazorWebAssembly.Client.csproj", "{8E2E5C65-05B6-4C1E-AF26-29A6588C499C}"
EndProject
Project("{FAE04EC0-301F-11D3-BF4B-00C04F79EFBC}") = "BensBlazorWebAssembly.Common", "..\BensBlazorWebAssembly.Common\BensBlazorWebAssembly.Common.csproj", "{840CD957-C191-4A6A-9F09-82BDC63AFAC4}"
EndProject
Global
	GlobalSection(SolutionConfigurationPlatforms) = preSolution
		Debug|Any CPU = Debug|Any CPU
		Release|Any CPU = Release|Any CPU
	EndGlobalSection
	GlobalSection(ProjectConfigurationPlatforms) = postSolution
		{8E49C7A3-DC5A-425D-AB7E-9041D90BB83D}.Debug|Any CPU.ActiveCfg = Debug|Any CPU
		{8E49C7A3-DC5A-425D-AB7E-9041D90BB83D}.Debug|Any CPU.Build.0 = Debug|Any CPU
		{8E49C7A3-DC5A-425D-AB7E-9041D90BB83D}.Release|Any CPU.ActiveCfg = Release|Any CPU
		{8E49C7A3-DC5A-425D-AB7E-9041D90BB83D}.Release|Any CPU.Build.0 = Release|Any CPU
		{8E2E5C65-05B6-4C1E-AF26-29A6588C499C}.Debug|Any CPU.ActiveCfg = Debug|Any CPU
		{8E2E5C65-05B6-4C1E-AF26-29A6588C499C}.Debug|Any CPU.Build.0 = Debug|Any CPU
		{8E2E5C65-05B6-4C1E-AF26-29A6588C499C}.Release|Any CPU.ActiveCfg = Release|Any CPU
		{8E2E5C65-05B6-4C1E-AF26-29A6588C499C}.Release|Any CPU.Build.0 = Release|Any CPU
		{840CD957-C191-4A6A-9F09-82BDC63AFAC4}.Debug|Any CPU.ActiveCfg = Debug|Any CPU
		{840CD957-C191-4A6A-9F09-82BDC63AFAC4}.Debug|Any CPU.Build.0 = Debug|Any CPU
		{840CD957-C191-4A6A-9F09-82BDC63AFAC4}.Release|Any CPU.ActiveCfg = Release|Any CPU
		{840CD957-C191-4A6A-9F09-82BDC63AFAC4}.Release|Any CPU.Build.0 = Release|Any CPU
	EndGlobalSection
	GlobalSection(SolutionProperties) = preSolution
		HideSolutionNode = FALSE
	EndGlobalSection
	GlobalSection(ExtensibilityGlobals) = postSolution
		SolutionGuid = {9D4D2B61-66D0-4DE2-8A53-2A3A8DD502BE}
	EndGlobalSection
EndGlobal
